{
  "version": 1,
  "dependencies": {
    "net6.0": {
      "GuerrillaNtp": {
        "type": "Direct",
        "requested": "[3.0.0, )",
        "resolved": "3.0.0",
        "contentHash": "mHnCFAwNaQBuubSvV+IBPahIAx0w1jqykXWOD2Kv5PGCVp5Uzf19v1FIjPxMslbBKGiZH68mCe3sP4v33hl7ZQ=="
      },
      "System.Runtime.Experimental": {
        "type": "Direct",
        "requested": "[6.0.2, )",
        "resolved": "6.0.2",
        "contentHash": "YFw4XOgVaF9T8vT3V148ypGTm8PnEchW1eyq+7ssIh7fmr+6JY3oNFx5KivLSDC4ugNsAm7HqYPnQEpC0C/BXA=="
      },
      "zorglub.sketches": {
        "type": "Project",
        "dependencies": {
          "System.Runtime.Experimental": "[6.0.2, )",
          "Zorglub.Time": "[0.0.0-DUMMY, )",
          "Zorglub.Time.Extras": "[0.0.0-DUMMY, )"
        }
      },
      "Zorglub.Time": {
        "type": "Project",
        "dependencies": {
          "System.Runtime.Experimental": "[6.0.2, )"
        }
      },
      "Zorglub.Time.Extras": {
        "type": "Project",
        "dependencies": {
          "System.Runtime.Experimental": "[6.0.2, )",
          "Zorglub.Time": "[0.0.0-DUMMY, )"
        }
      }
    }
  }
}