{
  "version": 2,
  "dependencies": {
    "net8.0": {
      "Microsoft.Build.CopyOnWrite": {
        "type": "Direct",
        "requested": "[1.0.315, )",
        "resolved": "1.0.315",
        "contentHash": "z0WkyvnBFWCzgLJ1ORD9t6R5nvQSlTl7ernOPq2a6bdfJEGWRQbgiew4TFD18hQjBE8JGRDtWAkFDzhkRK8LNg=="
      },
      "zorglub.sketches": {
        "type": "Project",
        "dependencies": {
          "Zorglub.Time": "[0.0.0-DUMMY, )",
          "Zorglub.Time.Extras": "[0.0.0-DUMMY, )"
        }
      },
      "Zorglub.Time": {
        "type": "Project"
      },
      "Zorglub.Time.Extras": {
        "type": "Project",
        "dependencies": {
          "Zorglub.Time": "[0.0.0-DUMMY, )"
        }
      }
    }
  }
}