{
  "version": 2,
  "dependencies": {
    "net8.0": {
      "Microsoft.Build.CopyOnWrite": {
        "type": "Direct",
        "requested": "[1.0.322, )",
        "resolved": "1.0.322",
        "contentHash": "Er5Ku4HJNDdRJD6qmV/Zposwvikvof37h6cFHNZ0Vmz1g+esSLKXd79g6fdJpfoNuOzl8w/q6vSpD3M3zihmAQ=="
      },
      "Microsoft.CodeAnalysis.PublicApiAnalyzers": {
        "type": "Direct",
        "requested": "[3.3.4, )",
        "resolved": "3.3.4",
        "contentHash": "kNLTfXtXUWDHVt5iaPkkiPuyHYlMgLI6SOFT4w88bfeI2vqSeGgHunFkdvlaCM8RDfcY0t2+jnesQtidRJJ/DA=="
      }
    }
  }
}